// !$*UTF8*$!
{
	archiveVersion = 1;
	classes = {
	};
	objectVersion = 50;
	objects = {

/* Begin PBXBuildFile section */
		8DD3D4B32416AA0600C0E9B6 /* AppDelegate.swift in Sources */ = {isa = PBXBuildFile; fileRef = 8DD3D4B22416AA0600C0E9B6 /* AppDelegate.swift */; };
		8DD3D4B52416AA0600C0E9B6 /* SceneDelegate.swift in Sources */ = {isa = PBXBuildFile; fileRef = 8DD3D4B42416AA0600C0E9B6 /* SceneDelegate.swift */; };
		8DD3D4B72416AA0600C0E9B6 /* ContentView.swift in Sources */ = {isa = PBXBuildFile; fileRef = 8DD3D4B62416AA0600C0E9B6 /* ContentView.swift */; };
		8DD3D4B92416AA0800C0E9B6 /* Assets.xcassets in Resources */ = {isa = PBXBuildFile; fileRef = 8DD3D4B82416AA0800C0E9B6 /* Assets.xcassets */; };
		8DD3D4BC2416AA0800C0E9B6 /* Preview Assets.xcassets in Resources */ = {isa = PBXBuildFile; fileRef = 8DD3D4BB2416AA0800C0E9B6 /* Preview Assets.xcassets */; };
		8DD3D4BF2416AA0800C0E9B6 /* LaunchScreen.storyboard in Resources */ = {isa = PBXBuildFile; fileRef = 8DD3D4BD2416AA0800C0E9B6 /* LaunchScreen.storyboard */; };
		8DD3D4CC2416AA9B00C0E9B6 /* BERTSQUADFP16.mlmodel in Sources */ = {isa = PBXBuildFile; fileRef = 8DD3D4CB2416AA9B00C0E9B6 /* BERTSQUADFP16.mlmodel */; };
		8DD3D4DE2416B2B900C0E9B6 /* BERTInput.swift in Sources */ = {isa = PBXBuildFile; fileRef = 8DD3D4D72416B2B900C0E9B6 /* BERTInput.swift */; };
		8DD3D4DF2416B2B900C0E9B6 /* BERT.swift in Sources */ = {isa = PBXBuildFile; fileRef = 8DD3D4D82416B2B900C0E9B6 /* BERT.swift */; };
		8DD3D4E02416B2B900C0E9B6 /* TokenizedString.swift in Sources */ = {isa = PBXBuildFile; fileRef = 8DD3D4D92416B2B900C0E9B6 /* TokenizedString.swift */; };
		8DD3D4E12416B2B900C0E9B6 /* BERTQAFP16.mlmodel in Sources */ = {isa = PBXBuildFile; fileRef = 8DD3D4DA2416B2B900C0E9B6 /* BERTQAFP16.mlmodel */; };
		8DD3D4E22416B2B900C0E9B6 /* bert-base-uncased-vocab.txt in Resources */ = {isa = PBXBuildFile; fileRef = 8DD3D4DB2416B2B900C0E9B6 /* bert-base-uncased-vocab.txt */; };
		8DD3D4E32416B2B900C0E9B6 /* BERTVocabulary.swift in Sources */ = {isa = PBXBuildFile; fileRef = 8DD3D4DC2416B2B900C0E9B6 /* BERTVocabulary.swift */; };
		8DD3D4E42416B2B900C0E9B6 /* BERTOutput.swift in Sources */ = {isa = PBXBuildFile; fileRef = 8DD3D4DD2416B2B900C0E9B6 /* BERTOutput.swift */; };
		8DD3D4E72416BCCE00C0E9B6 /* TextView.swift in Sources */ = {isa = PBXBuildFile; fileRef = 8DD3D4E62416BCCE00C0E9B6 /* TextView.swift */; };
/* End PBXBuildFile section */

/* Begin PBXFileReference section */
		8DD3D4AF2416AA0600C0E9B6 /* BERT-SQuAD-Demo.app */ = {isa = PBXFileReference; explicitFileType = wrapper.application; includeInIndex = 0; path = "BERT-SQuAD-Demo.app"; sourceTree = BUILT_PRODUCTS_DIR; };
		8DD3D4B22416AA0600C0E9B6 /* AppDelegate.swift */ = {isa = PBXFileReference; lastKnownFileType = sourcecode.swift; path = AppDelegate.swift; sourceTree = "<group>"; };
		8DD3D4B42416AA0600C0E9B6 /* SceneDelegate.swift */ = {isa = PBXFileReference; lastKnownFileType = sourcecode.swift; path = SceneDelegate.swift; sourceTree = "<group>"; };
		8DD3D4B62416AA0600C0E9B6 /* ContentView.swift */ = {isa = PBXFileReference; lastKnownFileType = sourcecode.swift; path = ContentView.swift; sourceTree = "<group>"; };
		8DD3D4B82416AA0800C0E9B6 /* Assets.xcassets */ = {isa = PBXFileReference; lastKnownFileType = folder.assetcatalog; path = Assets.xcassets; sourceTree = "<group>"; };
		8DD3D4BB2416AA0800C0E9B6 /* Preview Assets.xcassets */ = {isa = PBXFileReference; lastKnownFileType = folder.assetcatalog; path = "Preview Assets.xcassets"; sourceTree = "<group>"; };
		8DD3D4BE2416AA0800C0E9B6 /* Base */ = {isa = PBXFileReference; lastKnownFileType = file.storyboard; name = Base; path = Base.lproj/LaunchScreen.storyboard; sourceTree = "<group>"; };
		8DD3D4C02416AA0800C0E9B6 /* Info.plist */ = {isa = PBXFileReference; lastKnownFileType = text.plist.xml; path = Info.plist; sourceTree = "<group>"; };
		8DD3D4CB2416AA9B00C0E9B6 /* BERTSQUADFP16.mlmodel */ = {isa = PBXFileReference; lastKnownFileType = file.mlmodel; path = BERTSQUADFP16.mlmodel; sourceTree = "<group>"; };
		8DD3D4D72416B2B900C0E9B6 /* BERTInput.swift */ = {isa = PBXFileReference; fileEncoding = 4; lastKnownFileType = sourcecode.swift; path = BERTInput.swift; sourceTree = "<group>"; };
		8DD3D4D82416B2B900C0E9B6 /* BERT.swift */ = {isa = PBXFileReference; fileEncoding = 4; lastKnownFileType = sourcecode.swift; path = BERT.swift; sourceTree = "<group>"; };
		8DD3D4D92416B2B900C0E9B6 /* TokenizedString.swift */ = {isa = PBXFileReference; fileEncoding = 4; lastKnownFileType = sourcecode.swift; path = TokenizedString.swift; sourceTree = "<group>"; };
		8DD3D4DA2416B2B900C0E9B6 /* BERTQAFP16.mlmodel */ = {isa = PBXFileReference; lastKnownFileType = file.mlmodel; path = BERTQAFP16.mlmodel; sourceTree = "<group>"; };
		8DD3D4DB2416B2B900C0E9B6 /* bert-base-uncased-vocab.txt */ = {isa = PBXFileReference; fileEncoding = 4; lastKnownFileType = text; path = "bert-base-uncased-vocab.txt"; sourceTree = "<group>"; };
		8DD3D4DC2416B2B900C0E9B6 /* BERTVocabulary.swift */ = {isa = PBXFileReference; fileEncoding = 4; lastKnownFileType = sourcecode.swift; path = BERTVocabulary.swift; sourceTree = "<group>"; };
		8DD3D4DD2416B2B900C0E9B6 /* BERTOutput.swift */ = {isa = PBXFileReference; fileEncoding = 4; lastKnownFileType = sourcecode.swift; path = BERTOutput.swift; sourceTree = "<group>"; };
		8DD3D4E62416BCCE00C0E9B6 /* TextView.swift */ = {isa = PBXFileReference; lastKnownFileType = sourcecode.swift; path = TextView.swift; sourceTree = "<group>"; };
/* End PBXFileReference section */

/* Begin PBXFrameworksBuildPhase section */
		8DD3D4AC2416AA0600C0E9B6 /* Frameworks */ = {
			isa = PBXFrameworksBuildPhase;
			buildActionMask = 2147483647;
			files = (
			);
			runOnlyForDeploymentPostprocessing = 0;
		};
/* End PBXFrameworksBuildPhase section */

/* Begin PBXGroup section */
		8DD3D4A62416AA0600C0E9B6 = {
			isa = PBXGroup;
			children = (
				8DD3D4B12416AA0600C0E9B6 /* BERT-SQuAD-Demo */,
				8DD3D4B02416AA0600C0E9B6 /* Products */,
			);
			sourceTree = "<group>";
		};
		8DD3D4B02416AA0600C0E9B6 /* Products */ = {
			isa = PBXGroup;
			children = (
				8DD3D4AF2416AA0600C0E9B6 /* BERT-SQuAD-Demo.app */,
			);
			name = Products;
			sourceTree = "<group>";
		};
		8DD3D4B12416AA0600C0E9B6 /* BERT-SQuAD-Demo */ = {
			isa = PBXGroup;
			children = (
				8DD3D4E52416BC9900C0E9B6 /* Views */,
				8DD3D4C62416AA3800C0E9B6 /* Model */,
				8DD3D4B22416AA0600C0E9B6 /* AppDelegate.swift */,
				8DD3D4B42416AA0600C0E9B6 /* SceneDelegate.swift */,
				8DD3D4CB2416AA9B00C0E9B6 /* BERTSQUADFP16.mlmodel */,
				8DD3D4B62416AA0600C0E9B6 /* ContentView.swift */,
				8DD3D4B82416AA0800C0E9B6 /* Assets.xcassets */,
				8DD3D4BD2416AA0800C0E9B6 /* LaunchScreen.storyboard */,
				8DD3D4C02416AA0800C0E9B6 /* Info.plist */,
				8DD3D4BA2416AA0800C0E9B6 /* Preview Content */,
			);
			path = "BERT-SQuAD-Demo";
			sourceTree = "<group>";
		};
		8DD3D4BA2416AA0800C0E9B6 /* Preview Content */ = {
			isa = PBXGroup;
			children = (
				8DD3D4BB2416AA0800C0E9B6 /* Preview Assets.xcassets */,
			);
			path = "Preview Content";
			sourceTree = "<group>";
		};
		8DD3D4C62416AA3800C0E9B6 /* Model */ = {
			isa = PBXGroup;
			children = (
				8DD3D4DB2416B2B900C0E9B6 /* bert-base-uncased-vocab.txt */,
				8DD3D4D82416B2B900C0E9B6 /* BERT.swift */,
				8DD3D4D72416B2B900C0E9B6 /* BERTInput.swift */,
				8DD3D4DD2416B2B900C0E9B6 /* BERTOutput.swift */,
				8DD3D4DA2416B2B900C0E9B6 /* BERTQAFP16.mlmodel */,
				8DD3D4DC2416B2B900C0E9B6 /* BERTVocabulary.swift */,
				8DD3D4D92416B2B900C0E9B6 /* TokenizedString.swift */,
			);
			path = Model;
			sourceTree = "<group>";
		};
		8DD3D4E52416BC9900C0E9B6 /* Views */ = {
			isa = PBXGroup;
			children = (
				8DD3D4E62416BCCE00C0E9B6 /* TextView.swift */,
			);
			path = Views;
			sourceTree = "<group>";
		};
/* End PBXGroup section */

/* Begin PBXNativeTarget section */
		8DD3D4AE2416AA0600C0E9B6 /* BERT-SQuAD-Demo */ = {
			isa = PBXNativeTarget;
			buildConfigurationList = 8DD3D4C32416AA0800C0E9B6 /* Build configuration list for PBXNativeTarget "BERT-SQuAD-Demo" */;
			buildPhases = (
				8DD3D4AB2416AA0600C0E9B6 /* Sources */,
				8DD3D4AC2416AA0600C0E9B6 /* Frameworks */,
				8DD3D4AD2416AA0600C0E9B6 /* Resources */,
			);
			buildRules = (
			);
			dependencies = (
			);
			name = "BERT-SQuAD-Demo";
			productName = "BERT-SQuAD-Demo";
			productReference = 8DD3D4AF2416AA0600C0E9B6 /* BERT-SQuAD-Demo.app */;
			productType = "com.apple.product-type.application";
		};
/* End PBXNativeTarget section */

/* Begin PBXProject section */
		8DD3D4A72416AA0600C0E9B6 /* Project object */ = {
			isa = PBXProject;
			attributes = {
				LastSwiftUpdateCheck = 1130;
				LastUpgradeCheck = 1130;
				ORGANIZATIONNAME = "Mohammad Azam";
				TargetAttributes = {
					8DD3D4AE2416AA0600C0E9B6 = {
						CreatedOnToolsVersion = 11.3.1;
					};
				};
			};
			buildConfigurationList = 8DD3D4AA2416AA0600C0E9B6 /* Build configuration list for PBXProject "BERT-SQuAD-Demo" */;
			compatibilityVersion = "Xcode 9.3";
			developmentRegion = en;
			hasScannedForEncodings = 0;
			knownRegions = (
				en,
				Base,
			);
			mainGroup = 8DD3D4A62416AA0600C0E9B6;
			productRefGroup = 8DD3D4B02416AA0600C0E9B6 /* Products */;
			projectDirPath = "";
			projectRoot = "";
			targets = (
				8DD3D4AE2416AA0600C0E9B6 /* BERT-SQuAD-Demo */,
			);
		};
/* End PBXProject section */

/* Begin PBXResourcesBuildPhase section */
		8DD3D4AD2416AA0600C0E9B6 /* Resources */ = {
			isa = PBXResourcesBuildPhase;
			buildActionMask = 2147483647;
			files = (
				8DD3D4BF2416AA0800C0E9B6 /* LaunchScreen.storyboard in Resources */,
				8DD3D4BC2416AA0800C0E9B6 /* Preview Assets.xcassets in Resources */,
				8DD3D4E22416B2B900C0E9B6 /* bert-base-uncased-vocab.txt in Resources */,
				8DD3D4B92416AA0800C0E9B6 /* Assets.xcassets in Resources */,
			);
			runOnlyForDeploymentPostprocessing = 0;
		};
/* End PBXResourcesBuildPhase section */

/* Begin PBXSourcesBuildPhase section */
		8DD3D4AB2416AA0600C0E9B6 /* Sources */ = {
			isa = PBXSourcesBuildPhase;
			buildActionMask = 2147483647;
			files = (
				8DD3D4DF2416B2B900C0E9B6 /* BERT.swift in Sources */,
				8DD3D4DE2416B2B900C0E9B6 /* BERTInput.swift in Sources */,
				8DD3D4B32416AA0600C0E9B6 /* AppDelegate.swift in Sources */,
				8DD3D4E12416B2B900C0E9B6 /* BERTQAFP16.mlmodel in Sources */,
				8DD3D4E02416B2B900C0E9B6 /* TokenizedString.swift in Sources */,
				8DD3D4E32416B2B900C0E9B6 /* BERTVocabulary.swift in Sources */,
				8DD3D4E42416B2B900C0E9B6 /* BERTOutput.swift in Sources */,
				8DD3D4B52416AA0600C0E9B6 /* SceneDelegate.swift in Sources */,
				8DD3D4E72416BCCE00C0E9B6 /* TextView.swift in Sources */,
				8DD3D4B72416AA0600C0E9B6 /* ContentView.swift in Sources */,
				8DD3D4CC2416AA9B00C0E9B6 /* BERTSQUADFP16.mlmodel in Sources */,
			);
			runOnlyForDeploymentPostprocessing = 0;
		};
/* End PBXSourcesBuildPhase section */

/* Begin PBXVariantGroup section */
		8DD3D4BD2416AA0800C0E9B6 /* LaunchScreen.storyboard */ = {
			isa = PBXVariantGroup;
			children = (
				8DD3D4BE2416AA0800C0E9B6 /* Base */,
			);
			name = LaunchScreen.storyboard;
			sourceTree = "<group>";
		};
/* End PBXVariantGroup section */

/* Begin XCBuildConfiguration section */
		8DD3D4C12416AA0800C0E9B6 /* Debug */ = {
			isa = XCBuildConfiguration;
			buildSettings = {
				ALWAYS_SEARCH_USER_PATHS = NO;
				CLANG_ANALYZER_NONNULL = YES;
				CLANG_ANALYZER_NUMBER_OBJECT_CONVERSION = YES_AGGRESSIVE;
				CLANG_CXX_LANGUAGE_STANDARD = "gnu++14";
				CLANG_CXX_LIBRARY = "libc++";
				CLANG_ENABLE_MODULES = YES;
				CLANG_ENABLE_OBJC_ARC = YES;
				CLANG_ENABLE_OBJC_WEAK = YES;
				CLANG_WARN_BLOCK_CAPTURE_AUTORELEASING = YES;
				CLANG_WARN_BOOL_CONVERSION = YES;
				CLANG_WARN_COMMA = YES;
				CLANG_WARN_CONSTANT_CONVERSION = YES;
				CLANG_WARN_DEPRECATED_OBJC_IMPLEMENTATIONS = YES;
				CLANG_WARN_DIRECT_OBJC_ISA_USAGE = YES_ERROR;
				CLANG_WARN_DOCUMENTATION_COMMENTS = YES;
				CLANG_WARN_EMPTY_BODY = YES;
				CLANG_WARN_ENUM_CONVERSION = YES;
				CLANG_WARN_INFINITE_RECURSION = YES;
				CLANG_WARN_INT_CONVERSION = YES;
				CLANG_WARN_NON_LITERAL_NULL_CONVERSION = YES;
				CLANG_WARN_OBJC_IMPLICIT_RETAIN_SELF = YES;
				CLANG_WARN_OBJC_LITERAL_CONVERSION = YES;
				CLANG_WARN_OBJC_ROOT_CLASS = YES_ERROR;
				CLANG_WARN_RANGE_LOOP_ANALYSIS = YES;
				CLANG_WARN_STRICT_PROTOTYPES = YES;
				CLANG_WARN_SUSPICIOUS_MOVE = YES;
				CLANG_WARN_UNGUARDED_AVAILABILITY = YES_AGGRESSIVE;
				CLANG_WARN_UNREACHABLE_CODE = YES;
				CLANG_WARN__DUPLICATE_METHOD_MATCH = YES;
				COPY_PHASE_STRIP = NO;
				DEBUG_INFORMATION_FORMAT = dwarf;
				ENABLE_STRICT_OBJC_MSGSEND = YES;
				ENABLE_TESTABILITY = YES;
				GCC_C_LANGUAGE_STANDARD = gnu11;
				GCC_DYNAMIC_NO_PIC = NO;
				GCC_NO_COMMON_BLOCKS = YES;
				GCC_OPTIMIZATION_LEVEL = 0;
				GCC_PREPROCESSOR_DEFINITIONS = (
					"DEBUG=1",
					"$(inherited)",
				);
				GCC_WARN_64_TO_32_BIT_CONVERSION = YES;
				GCC_WARN_ABOUT_RETURN_TYPE = YES_ERROR;
				GCC_WARN_UNDECLARED_SELECTOR = YES;
				GCC_WARN_UNINITIALIZED_AUTOS = YES_AGGRESSIVE;
				GCC_WARN_UNUSED_FUNCTION = YES;
				GCC_WARN_UNUSED_VARIABLE = YES;
				IPHONEOS_DEPLOYMENT_TARGET = 13.2;
				MTL_ENABLE_DEBUG_INFO = INCLUDE_SOURCE;
				MTL_FAST_MATH = YES;
				ONLY_ACTIVE_ARCH = YES;
				SDKROOT = iphoneos;
				SWIFT_ACTIVE_COMPILATION_CONDITIONS = DEBUG;
				SWIFT_OPTIMIZATION_LEVEL = "-Onone";
			};
			name = Debug;
		};
		8DD3D4C22416AA0800C0E9B6 /* Release */ = {
			isa = XCBuildConfiguration;
			buildSettings = {
				ALWAYS_SEARCH_USER_PATHS = NO;
				CLANG_ANALYZER_NONNULL = YES;
				CLANG_ANALYZER_NUMBER_OBJECT_CONVERSION = YES_AGGRESSIVE;
				CLANG_CXX_LANGUAGE_STANDARD = "gnu++14";
				CLANG_CXX_LIBRARY = "libc++";
				CLANG_ENABLE_MODULES = YES;
				CLANG_ENABLE_OBJC_ARC = YES;
				CLANG_ENABLE_OBJC_WEAK = YES;
				CLANG_WARN_BLOCK_CAPTURE_AUTORELEASING = YES;
				CLANG_WARN_BOOL_CONVERSION = YES;
				CLANG_WARN_COMMA = YES;
				CLANG_WARN_CONSTANT_CONVERSION = YES;
				CLANG_WARN_DEPRECATED_OBJC_IMPLEMENTATIONS = YES;
				CLANG_WARN_DIRECT_OBJC_ISA_USAGE = YES_ERROR;
				CLANG_WARN_DOCUMENTATION_COMMENTS = YES;
				CLANG_WARN_EMPTY_BODY = YES;
				CLANG_WARN_ENUM_CONVERSION = YES;
				CLANG_WARN_INFINITE_RECURSION = YES;
				CLANG_WARN_INT_CONVERSION = YES;
				CLANG_WARN_NON_LITERAL_NULL_CONVERSION = YES;
				CLANG_WARN_OBJC_IMPLICIT_RETAIN_SELF = YES;
				CLANG_WARN_OBJC_LITERAL_CONVERSION = YES;
				CLANG_WARN_OBJC_ROOT_CLASS = YES_ERROR;
				CLANG_WARN_RANGE_LOOP_ANALYSIS = YES;
				CLANG_WARN_STRICT_PROTOTYPES = YES;
				CLANG_WARN_SUSPICIOUS_MOVE = YES;
				CLANG_WARN_UNGUARDED_AVAILABILITY = YES_AGGRESSIVE;
				CLANG_WARN_UNREACHABLE_CODE = YES;
				CLANG_WARN__DUPLICATE_METHOD_MATCH = YES;
				COPY_PHASE_STRIP = NO;
				DEBUG_INFORMATION_FORMAT = "dwarf-with-dsym";
				ENABLE_NS_ASSERTIONS = NO;
				ENABLE_STRICT_OBJC_MSGSEND = YES;
				GCC_C_LANGUAGE_STANDARD = gnu11;
				GCC_NO_COMMON_BLOCKS = YES;
				GCC_WARN_64_TO_32_BIT_CONVERSION = YES;
				GCC_WARN_ABOUT_RETURN_TYPE = YES_ERROR;
				GCC_WARN_UNDECLARED_SELECTOR = YES;
				GCC_WARN_UNINITIALIZED_AUTOS = YES_AGGRESSIVE;
				GCC_WARN_UNUSED_FUNCTION = YES;
				GCC_WARN_UNUSED_VARIABLE = YES;
				IPHONEOS_DEPLOYMENT_TARGET = 13.2;
				MTL_ENABLE_DEBUG_INFO = NO;
				MTL_FAST_MATH = YES;
				SDKROOT = iphoneos;
				SWIFT_COMPILATION_MODE = wholemodule;
				SWIFT_OPTIMIZATION_LEVEL = "-O";
				VALIDATE_PRODUCT = YES;
			};
			name = Release;
		};
		8DD3D4C42416AA0800C0E9B6 /* Debug */ = {
			isa = XCBuildConfiguration;
			buildSettings = {
				ASSETCATALOG_COMPILER_APPICON_NAME = AppIcon;
				CODE_SIGN_STYLE = Automatic;
				DEVELOPMENT_ASSET_PATHS = "\"BERT-SQuAD-Demo/Preview Content\"";
				DEVELOPMENT_TEAM = B2Q8EGNCQA;
				ENABLE_PREVIEWS = YES;
				INFOPLIST_FILE = "BERT-SQuAD-Demo/Info.plist";
				LD_RUNPATH_SEARCH_PATHS = (
					"$(inherited)",
					"@executable_path/Frameworks",
				);
				PRODUCT_BUNDLE_IDENTIFIER = "com.azamsharp.BERT-SQuAD-Demo";
				PRODUCT_NAME = "$(TARGET_NAME)";
				SWIFT_VERSION = 5.0;
				TARGETED_DEVICE_FAMILY = "1,2";
			};
			name = Debug;
		};
		8DD3D4C52416AA0800C0E9B6 /* Release */ = {
			isa = XCBuildConfiguration;
			buildSettings = {
				ASSETCATALOG_COMPILER_APPICON_NAME = AppIcon;
				CODE_SIGN_STYLE = Automatic;
				DEVELOPMENT_ASSET_PATHS = "\"BERT-SQuAD-Demo/Preview Content\"";
				DEVELOPMENT_TEAM = B2Q8EGNCQA;
				ENABLE_PREVIEWS = YES;
				INFOPLIST_FILE = "BERT-SQuAD-Demo/Info.plist";
				LD_RUNPATH_SEARCH_PATHS = (
					"$(inherited)",
					"@executable_path/Frameworks",
				);
				PRODUCT_BUNDLE_IDENTIFIER = "com.azamsharp.BERT-SQuAD-Demo";
				PRODUCT_NAME = "$(TARGET_NAME)";
				SWIFT_VERSION = 5.0;
				TARGETED_DEVICE_FAMILY = "1,2";
			};
			name = Release;
		};
/* End XCBuildConfiguration section */

/* Begin XCConfigurationList section */
		8DD3D4AA2416AA0600C0E9B6 /* Build configuration list for PBXProject "BERT-SQuAD-Demo" */ = {
			isa = XCConfigurationList;
			buildConfigurations = (
				8DD3D4C12416AA0800C0E9B6 /* Debug */,
				8DD3D4C22416AA0800C0E9B6 /* Release */,
			);
			defaultConfigurationIsVisible = 0;
			defaultConfigurationName = Release;
		};
		8DD3D4C32416AA0800C0E9B6 /* Build configuration list for PBXNativeTarget "BERT-SQuAD-Demo" */ = {
			isa = XCConfigurationList;
			buildConfigurations = (
				8DD3D4C42416AA0800C0E9B6 /* Debug */,
				8DD3D4C52416AA0800C0E9B6 /* Release */,
			);
			defaultConfigurationIsVisible = 0;
			defaultConfigurationName = Release;
		};
/* End XCConfigurationList section */
	};
	rootObject = 8DD3D4A72416AA0600C0E9B6 /* Project object */;
}
