// !$*UTF8*$!
{
	archiveVersion = 1;
	classes = {
	};
	objectVersion = 50;
	objects = {

/* Begin PBXBuildFile section */
		8D0E73E62410A01B00D31CCA /* UIImage+Extentions.swift in Sources */ = {isa = PBXBuildFile; fileRef = 8D0E73E52410A01B00D31CCA /* UIImage+Extentions.swift */; };
		8D0E73EA2410A07000D31CCA /* UIView+Extensions.swift in Sources */ = {isa = PBXBuildFile; fileRef = 8D0E73E92410A07000D31CCA /* UIView+Extensions.swift */; };
		8DCC699F2410A49200746C79 /* DrawingClassifier 1.mlmodel in Sources */ = {isa = PBXBuildFile; fileRef = 8DCC699E2410A49200746C79 /* DrawingClassifier 1.mlmodel */; };
		8DF20B13241053CA00AECC6C /* AppDelegate.swift in Sources */ = {isa = PBXBuildFile; fileRef = 8DF20B12241053CA00AECC6C /* AppDelegate.swift */; };
		8DF20B15241053CA00AECC6C /* SceneDelegate.swift in Sources */ = {isa = PBXBuildFile; fileRef = 8DF20B14241053CA00AECC6C /* SceneDelegate.swift */; };
		8DF20B17241053CA00AECC6C /* ViewController.swift in Sources */ = {isa = PBXBuildFile; fileRef = 8DF20B16241053CA00AECC6C /* ViewController.swift */; };
		8DF20B1A241053CA00AECC6C /* Main.storyboard in Resources */ = {isa = PBXBuildFile; fileRef = 8DF20B18241053CA00AECC6C /* Main.storyboard */; };
		8DF20B1C241053CC00AECC6C /* Assets.xcassets in Resources */ = {isa = PBXBuildFile; fileRef = 8DF20B1B241053CC00AECC6C /* Assets.xcassets */; };
		8DF20B1F241053CC00AECC6C /* LaunchScreen.storyboard in Resources */ = {isa = PBXBuildFile; fileRef = 8DF20B1D241053CC00AECC6C /* LaunchScreen.storyboard */; };
		8DF20B27241053DD00AECC6C /* Canvas.swift in Sources */ = {isa = PBXBuildFile; fileRef = 8DF20B26241053DD00AECC6C /* Canvas.swift */; };
/* End PBXBuildFile section */

/* Begin PBXFileReference section */
		8D0E73E52410A01B00D31CCA /* UIImage+Extentions.swift */ = {isa = PBXFileReference; lastKnownFileType = sourcecode.swift; path = "UIImage+Extentions.swift"; sourceTree = "<group>"; };
		8D0E73E92410A07000D31CCA /* UIView+Extensions.swift */ = {isa = PBXFileReference; lastKnownFileType = sourcecode.swift; path = "UIView+Extensions.swift"; sourceTree = "<group>"; };
		8DCC699E2410A49200746C79 /* DrawingClassifier 1.mlmodel */ = {isa = PBXFileReference; lastKnownFileType = file.mlmodel; path = "DrawingClassifier 1.mlmodel"; sourceTree = "<group>"; };
		8DF20B0F241053CA00AECC6C /* DrawingApp.app */ = {isa = PBXFileReference; explicitFileType = wrapper.application; includeInIndex = 0; path = DrawingApp.app; sourceTree = BUILT_PRODUCTS_DIR; };
		8DF20B12241053CA00AECC6C /* AppDelegate.swift */ = {isa = PBXFileReference; lastKnownFileType = sourcecode.swift; path = AppDelegate.swift; sourceTree = "<group>"; };
		8DF20B14241053CA00AECC6C /* SceneDelegate.swift */ = {isa = PBXFileReference; lastKnownFileType = sourcecode.swift; path = SceneDelegate.swift; sourceTree = "<group>"; };
		8DF20B16241053CA00AECC6C /* ViewController.swift */ = {isa = PBXFileReference; lastKnownFileType = sourcecode.swift; path = ViewController.swift; sourceTree = "<group>"; };
		8DF20B19241053CA00AECC6C /* Base */ = {isa = PBXFileReference; lastKnownFileType = file.storyboard; name = Base; path = Base.lproj/Main.storyboard; sourceTree = "<group>"; };
		8DF20B1B241053CC00AECC6C /* Assets.xcassets */ = {isa = PBXFileReference; lastKnownFileType = folder.assetcatalog; path = Assets.xcassets; sourceTree = "<group>"; };
		8DF20B1E241053CC00AECC6C /* Base */ = {isa = PBXFileReference; lastKnownFileType = file.storyboard; name = Base; path = Base.lproj/LaunchScreen.storyboard; sourceTree = "<group>"; };
		8DF20B20241053CC00AECC6C /* Info.plist */ = {isa = PBXFileReference; lastKnownFileType = text.plist.xml; path = Info.plist; sourceTree = "<group>"; };
		8DF20B26241053DD00AECC6C /* Canvas.swift */ = {isa = PBXFileReference; lastKnownFileType = sourcecode.swift; path = Canvas.swift; sourceTree = "<group>"; };
/* End PBXFileReference section */

/* Begin PBXFrameworksBuildPhase section */
		8DF20B0C241053CA00AECC6C /* Frameworks */ = {
			isa = PBXFrameworksBuildPhase;
			buildActionMask = 2147483647;
			files = (
			);
			runOnlyForDeploymentPostprocessing = 0;
		};
/* End PBXFrameworksBuildPhase section */

/* Begin PBXGroup section */
		8DF20B06241053CA00AECC6C = {
			isa = PBXGroup;
			children = (
				8DF20B11241053CA00AECC6C /* DrawingApp */,
				8DF20B10241053CA00AECC6C /* Products */,
			);
			sourceTree = "<group>";
		};
		8DF20B10241053CA00AECC6C /* Products */ = {
			isa = PBXGroup;
			children = (
				8DF20B0F241053CA00AECC6C /* DrawingApp.app */,
			);
			name = Products;
			sourceTree = "<group>";
		};
		8DF20B11241053CA00AECC6C /* DrawingApp */ = {
			isa = PBXGroup;
			children = (
				8DF20B12241053CA00AECC6C /* AppDelegate.swift */,
				8DF20B14241053CA00AECC6C /* SceneDelegate.swift */,
				8DF20B16241053CA00AECC6C /* ViewController.swift */,
				8DCC699E2410A49200746C79 /* DrawingClassifier 1.mlmodel */,
				8DF20B18241053CA00AECC6C /* Main.storyboard */,
				8DF20B1B241053CC00AECC6C /* Assets.xcassets */,
				8DF20B1D241053CC00AECC6C /* LaunchScreen.storyboard */,
				8DF20B20241053CC00AECC6C /* Info.plist */,
				8DF20B26241053DD00AECC6C /* Canvas.swift */,
				8D0E73E52410A01B00D31CCA /* UIImage+Extentions.swift */,
				8D0E73E92410A07000D31CCA /* UIView+Extensions.swift */,
			);
			path = DrawingApp;
			sourceTree = "<group>";
		};
/* End PBXGroup section */

/* Begin PBXNativeTarget section */
		8DF20B0E241053CA00AECC6C /* DrawingApp */ = {
			isa = PBXNativeTarget;
			buildConfigurationList = 8DF20B23241053CC00AECC6C /* Build configuration list for PBXNativeTarget "DrawingApp" */;
			buildPhases = (
				8DF20B0B241053CA00AECC6C /* Sources */,
				8DF20B0C241053CA00AECC6C /* Frameworks */,
				8DF20B0D241053CA00AECC6C /* Resources */,
			);
			buildRules = (
			);
			dependencies = (
			);
			name = DrawingApp;
			productName = DrawingApp;
			productReference = 8DF20B0F241053CA00AECC6C /* DrawingApp.app */;
			productType = "com.apple.product-type.application";
		};
/* End PBXNativeTarget section */

/* Begin PBXProject section */
		8DF20B07241053CA00AECC6C /* Project object */ = {
			isa = PBXProject;
			attributes = {
				LastSwiftUpdateCheck = 1130;
				LastUpgradeCheck = 1130;
				ORGANIZATIONNAME = "Mohammad Azam";
				TargetAttributes = {
					8DF20B0E241053CA00AECC6C = {
						CreatedOnToolsVersion = 11.3.1;
					};
				};
			};
			buildConfigurationList = 8DF20B0A241053CA00AECC6C /* Build configuration list for PBXProject "DrawingApp" */;
			compatibilityVersion = "Xcode 9.3";
			developmentRegion = en;
			hasScannedForEncodings = 0;
			knownRegions = (
				en,
				Base,
			);
			mainGroup = 8DF20B06241053CA00AECC6C;
			productRefGroup = 8DF20B10241053CA00AECC6C /* Products */;
			projectDirPath = "";
			projectRoot = "";
			targets = (
				8DF20B0E241053CA00AECC6C /* DrawingApp */,
			);
		};
/* End PBXProject section */

/* Begin PBXResourcesBuildPhase section */
		8DF20B0D241053CA00AECC6C /* Resources */ = {
			isa = PBXResourcesBuildPhase;
			buildActionMask = 2147483647;
			files = (
				8DF20B1F241053CC00AECC6C /* LaunchScreen.storyboard in Resources */,
				8DF20B1C241053CC00AECC6C /* Assets.xcassets in Resources */,
				8DF20B1A241053CA00AECC6C /* Main.storyboard in Resources */,
			);
			runOnlyForDeploymentPostprocessing = 0;
		};
/* End PBXResourcesBuildPhase section */

/* Begin PBXSourcesBuildPhase section */
		8DF20B0B241053CA00AECC6C /* Sources */ = {
			isa = PBXSourcesBuildPhase;
			buildActionMask = 2147483647;
			files = (
				8D0E73EA2410A07000D31CCA /* UIView+Extensions.swift in Sources */,
				8DF20B17241053CA00AECC6C /* ViewController.swift in Sources */,
				8DF20B13241053CA00AECC6C /* AppDelegate.swift in Sources */,
				8DCC699F2410A49200746C79 /* DrawingClassifier 1.mlmodel in Sources */,
				8DF20B15241053CA00AECC6C /* SceneDelegate.swift in Sources */,
				8DF20B27241053DD00AECC6C /* Canvas.swift in Sources */,
				8D0E73E62410A01B00D31CCA /* UIImage+Extentions.swift in Sources */,
			);
			runOnlyForDeploymentPostprocessing = 0;
		};
/* End PBXSourcesBuildPhase section */

/* Begin PBXVariantGroup section */
		8DF20B18241053CA00AECC6C /* Main.storyboard */ = {
			isa = PBXVariantGroup;
			children = (
				8DF20B19241053CA00AECC6C /* Base */,
			);
			name = Main.storyboard;
			sourceTree = "<group>";
		};
		8DF20B1D241053CC00AECC6C /* LaunchScreen.storyboard */ = {
			isa = PBXVariantGroup;
			children = (
				8DF20B1E241053CC00AECC6C /* Base */,
			);
			name = LaunchScreen.storyboard;
			sourceTree = "<group>";
		};
/* End PBXVariantGroup section */

/* Begin XCBuildConfiguration section */
		8DF20B21241053CC00AECC6C /* Debug */ = {
			isa = XCBuildConfiguration;
			buildSettings = {
				ALWAYS_SEARCH_USER_PATHS = NO;
				CLANG_ANALYZER_NONNULL = YES;
				CLANG_ANALYZER_NUMBER_OBJECT_CONVERSION = YES_AGGRESSIVE;
				CLANG_CXX_LANGUAGE_STANDARD = "gnu++14";
				CLANG_CXX_LIBRARY = "libc++";
				CLANG_ENABLE_MODULES = YES;
				CLANG_ENABLE_OBJC_ARC = YES;
				CLANG_ENABLE_OBJC_WEAK = YES;
				CLANG_WARN_BLOCK_CAPTURE_AUTORELEASING = YES;
				CLANG_WARN_BOOL_CONVERSION = YES;
				CLANG_WARN_COMMA = YES;
				CLANG_WARN_CONSTANT_CONVERSION = YES;
				CLANG_WARN_DEPRECATED_OBJC_IMPLEMENTATIONS = YES;
				CLANG_WARN_DIRECT_OBJC_ISA_USAGE = YES_ERROR;
				CLANG_WARN_DOCUMENTATION_COMMENTS = YES;
				CLANG_WARN_EMPTY_BODY = YES;
				CLANG_WARN_ENUM_CONVERSION = YES;
				CLANG_WARN_INFINITE_RECURSION = YES;
				CLANG_WARN_INT_CONVERSION = YES;
				CLANG_WARN_NON_LITERAL_NULL_CONVERSION = YES;
				CLANG_WARN_OBJC_IMPLICIT_RETAIN_SELF = YES;
				CLANG_WARN_OBJC_LITERAL_CONVERSION = YES;
				CLANG_WARN_OBJC_ROOT_CLASS = YES_ERROR;
				CLANG_WARN_RANGE_LOOP_ANALYSIS = YES;
				CLANG_WARN_STRICT_PROTOTYPES = YES;
				CLANG_WARN_SUSPICIOUS_MOVE = YES;
				CLANG_WARN_UNGUARDED_AVAILABILITY = YES_AGGRESSIVE;
				CLANG_WARN_UNREACHABLE_CODE = YES;
				CLANG_WARN__DUPLICATE_METHOD_MATCH = YES;
				COPY_PHASE_STRIP = NO;
				DEBUG_INFORMATION_FORMAT = dwarf;
				ENABLE_STRICT_OBJC_MSGSEND = YES;
				ENABLE_TESTABILITY = YES;
				GCC_C_LANGUAGE_STANDARD = gnu11;
				GCC_DYNAMIC_NO_PIC = NO;
				GCC_NO_COMMON_BLOCKS = YES;
				GCC_OPTIMIZATION_LEVEL = 0;
				GCC_PREPROCESSOR_DEFINITIONS = (
					"DEBUG=1",
					"$(inherited)",
				);
				GCC_WARN_64_TO_32_BIT_CONVERSION = YES;
				GCC_WARN_ABOUT_RETURN_TYPE = YES_ERROR;
				GCC_WARN_UNDECLARED_SELECTOR = YES;
				GCC_WARN_UNINITIALIZED_AUTOS = YES_AGGRESSIVE;
				GCC_WARN_UNUSED_FUNCTION = YES;
				GCC_WARN_UNUSED_VARIABLE = YES;
				IPHONEOS_DEPLOYMENT_TARGET = 13.2;
				MTL_ENABLE_DEBUG_INFO = INCLUDE_SOURCE;
				MTL_FAST_MATH = YES;
				ONLY_ACTIVE_ARCH = YES;
				SDKROOT = iphoneos;
				SWIFT_ACTIVE_COMPILATION_CONDITIONS = DEBUG;
				SWIFT_OPTIMIZATION_LEVEL = "-Onone";
			};
			name = Debug;
		};
		8DF20B22241053CC00AECC6C /* Release */ = {
			isa = XCBuildConfiguration;
			buildSettings = {
				ALWAYS_SEARCH_USER_PATHS = NO;
				CLANG_ANALYZER_NONNULL = YES;
				CLANG_ANALYZER_NUMBER_OBJECT_CONVERSION = YES_AGGRESSIVE;
				CLANG_CXX_LANGUAGE_STANDARD = "gnu++14";
				CLANG_CXX_LIBRARY = "libc++";
				CLANG_ENABLE_MODULES = YES;
				CLANG_ENABLE_OBJC_ARC = YES;
				CLANG_ENABLE_OBJC_WEAK = YES;
				CLANG_WARN_BLOCK_CAPTURE_AUTORELEASING = YES;
				CLANG_WARN_BOOL_CONVERSION = YES;
				CLANG_WARN_COMMA = YES;
				CLANG_WARN_CONSTANT_CONVERSION = YES;
				CLANG_WARN_DEPRECATED_OBJC_IMPLEMENTATIONS = YES;
				CLANG_WARN_DIRECT_OBJC_ISA_USAGE = YES_ERROR;
				CLANG_WARN_DOCUMENTATION_COMMENTS = YES;
				CLANG_WARN_EMPTY_BODY = YES;
				CLANG_WARN_ENUM_CONVERSION = YES;
				CLANG_WARN_INFINITE_RECURSION = YES;
				CLANG_WARN_INT_CONVERSION = YES;
				CLANG_WARN_NON_LITERAL_NULL_CONVERSION = YES;
				CLANG_WARN_OBJC_IMPLICIT_RETAIN_SELF = YES;
				CLANG_WARN_OBJC_LITERAL_CONVERSION = YES;
				CLANG_WARN_OBJC_ROOT_CLASS = YES_ERROR;
				CLANG_WARN_RANGE_LOOP_ANALYSIS = YES;
				CLANG_WARN_STRICT_PROTOTYPES = YES;
				CLANG_WARN_SUSPICIOUS_MOVE = YES;
				CLANG_WARN_UNGUARDED_AVAILABILITY = YES_AGGRESSIVE;
				CLANG_WARN_UNREACHABLE_CODE = YES;
				CLANG_WARN__DUPLICATE_METHOD_MATCH = YES;
				COPY_PHASE_STRIP = NO;
				DEBUG_INFORMATION_FORMAT = "dwarf-with-dsym";
				ENABLE_NS_ASSERTIONS = NO;
				ENABLE_STRICT_OBJC_MSGSEND = YES;
				GCC_C_LANGUAGE_STANDARD = gnu11;
				GCC_NO_COMMON_BLOCKS = YES;
				GCC_WARN_64_TO_32_BIT_CONVERSION = YES;
				GCC_WARN_ABOUT_RETURN_TYPE = YES_ERROR;
				GCC_WARN_UNDECLARED_SELECTOR = YES;
				GCC_WARN_UNINITIALIZED_AUTOS = YES_AGGRESSIVE;
				GCC_WARN_UNUSED_FUNCTION = YES;
				GCC_WARN_UNUSED_VARIABLE = YES;
				IPHONEOS_DEPLOYMENT_TARGET = 13.2;
				MTL_ENABLE_DEBUG_INFO = NO;
				MTL_FAST_MATH = YES;
				SDKROOT = iphoneos;
				SWIFT_COMPILATION_MODE = wholemodule;
				SWIFT_OPTIMIZATION_LEVEL = "-O";
				VALIDATE_PRODUCT = YES;
			};
			name = Release;
		};
		8DF20B24241053CC00AECC6C /* Debug */ = {
			isa = XCBuildConfiguration;
			buildSettings = {
				ASSETCATALOG_COMPILER_APPICON_NAME = AppIcon;
				CODE_SIGN_STYLE = Automatic;
				DEVELOPMENT_TEAM = B2Q8EGNCQA;
				INFOPLIST_FILE = DrawingApp/Info.plist;
				LD_RUNPATH_SEARCH_PATHS = (
					"$(inherited)",
					"@executable_path/Frameworks",
				);
				PRODUCT_BUNDLE_IDENTIFIER = com.azamsharp.DrawingApp;
				PRODUCT_NAME = "$(TARGET_NAME)";
				SWIFT_VERSION = 5.0;
				TARGETED_DEVICE_FAMILY = "1,2";
			};
			name = Debug;
		};
		8DF20B25241053CC00AECC6C /* Release */ = {
			isa = XCBuildConfiguration;
			buildSettings = {
				ASSETCATALOG_COMPILER_APPICON_NAME = AppIcon;
				CODE_SIGN_STYLE = Automatic;
				DEVELOPMENT_TEAM = B2Q8EGNCQA;
				INFOPLIST_FILE = DrawingApp/Info.plist;
				LD_RUNPATH_SEARCH_PATHS = (
					"$(inherited)",
					"@executable_path/Frameworks",
				);
				PRODUCT_BUNDLE_IDENTIFIER = com.azamsharp.DrawingApp;
				PRODUCT_NAME = "$(TARGET_NAME)";
				SWIFT_VERSION = 5.0;
				TARGETED_DEVICE_FAMILY = "1,2";
			};
			name = Release;
		};
/* End XCBuildConfiguration section */

/* Begin XCConfigurationList section */
		8DF20B0A241053CA00AECC6C /* Build configuration list for PBXProject "DrawingApp" */ = {
			isa = XCConfigurationList;
			buildConfigurations = (
				8DF20B21241053CC00AECC6C /* Debug */,
				8DF20B22241053CC00AECC6C /* Release */,
			);
			defaultConfigurationIsVisible = 0;
			defaultConfigurationName = Release;
		};
		8DF20B23241053CC00AECC6C /* Build configuration list for PBXNativeTarget "DrawingApp" */ = {
			isa = XCConfigurationList;
			buildConfigurations = (
				8DF20B24241053CC00AECC6C /* Debug */,
				8DF20B25241053CC00AECC6C /* Release */,
			);
			defaultConfigurationIsVisible = 0;
			defaultConfigurationName = Release;
		};
/* End XCConfigurationList section */
	};
	rootObject = 8DF20B07241053CA00AECC6C /* Project object */;
}
